// !$*UTF8*$!
{
	archiveVersion = 1;
	classes = {
	};
	objectVersion = 48;
	objects = {

/* Begin PBXBuildFile section */
		5A0CFF1B215C649000F5B246 /* Data in Resources */ = {isa = PBXBuildFile; fileRef = 5A0CFF1A215C649000F5B246 /* Data */; };
		5A6501AB2149C91F001ACEE8 /* MainVC.swift in Sources */ = {isa = PBXBuildFile; fileRef = 5A6501AA2149C91F001ACEE8 /* MainVC.swift */; };
		5A6501AD2149CA72001ACEE8 /* MainVCCell.swift in Sources */ = {isa = PBXBuildFile; fileRef = 5A6501AC2149CA72001ACEE8 /* MainVCCell.swift */; };
		5AA4382121487C1800823353 /* AppDelegate.swift in Sources */ = {isa = PBXBuildFile; fileRef = 5AA4382021487C1800823353 /* AppDelegate.swift */; };
		5AA4382621487C1800823353 /* Main.storyboard in Resources */ = {isa = PBXBuildFile; fileRef = 5AA4382421487C1800823353 /* Main.storyboard */; };
		5AA4382B21487C1800823353 /* Assets.xcassets in Resources */ = {isa = PBXBuildFile; fileRef = 5AA4382A21487C1800823353 /* Assets.xcassets */; };
		5AA4382E21487C1800823353 /* LaunchScreen.storyboard in Resources */ = {isa = PBXBuildFile; fileRef = 5AA4382C21487C1800823353 /* LaunchScreen.storyboard */; };
		5AA438402149C5BB00823353 /* SubCategoriesVC.swift in Sources */ = {isa = PBXBuildFile; fileRef = 5AA4383F2149C5BB00823353 /* SubCategoriesVC.swift */; };
		5AA438422149C60A00823353 /* DetailVC.swift in Sources */ = {isa = PBXBuildFile; fileRef = 5AA438412149C60A00823353 /* DetailVC.swift */; };
/* End PBXBuildFile section */

/* Begin PBXFileReference section */
		5A0CFF1A215C649000F5B246 /* Data */ = {isa = PBXFileReference; lastKnownFileType = text; path = Data; sourceTree = "<group>"; };
		5A6501AA2149C91F001ACEE8 /* MainVC.swift */ = {isa = PBXFileReference; lastKnownFileType = sourcecode.swift; path = MainVC.swift; sourceTree = "<group>"; };
		5A6501AC2149CA72001ACEE8 /* MainVCCell.swift */ = {isa = PBXFileReference; lastKnownFileType = sourcecode.swift; path = MainVCCell.swift; sourceTree = "<group>"; };
		5AA4381D21487C1800823353 /* Bon.app */ = {isa = PBXFileReference; explicitFileType = wrapper.application; includeInIndex = 0; path = Bon.app; sourceTree = BUILT_PRODUCTS_DIR; };
		5AA4382021487C1800823353 /* AppDelegate.swift */ = {isa = PBXFileReference; lastKnownFileType = sourcecode.swift; path = AppDelegate.swift; sourceTree = "<group>"; };
		5AA4382521487C1800823353 /* Base */ = {isa = PBXFileReference; lastKnownFileType = file.storyboard; name = Base; path = Base.lproj/Main.storyboard; sourceTree = "<group>"; };
		5AA4382A21487C1800823353 /* Assets.xcassets */ = {isa = PBXFileReference; lastKnownFileType = folder.assetcatalog; path = Assets.xcassets; sourceTree = "<group>"; };
		5AA4382D21487C1800823353 /* Base */ = {isa = PBXFileReference; lastKnownFileType = file.storyboard; name = Base; path = Base.lproj/LaunchScreen.storyboard; sourceTree = "<group>"; };
		5AA4382F21487C1800823353 /* Info.plist */ = {isa = PBXFileReference; lastKnownFileType = text.plist.xml; path = Info.plist; sourceTree = "<group>"; };
		5AA4383F2149C5BB00823353 /* SubCategoriesVC.swift */ = {isa = PBXFileReference; lastKnownFileType = sourcecode.swift; path = SubCategoriesVC.swift; sourceTree = "<group>"; };
		5AA438412149C60A00823353 /* DetailVC.swift */ = {isa = PBXFileReference; lastKnownFileType = sourcecode.swift; path = DetailVC.swift; sourceTree = "<group>"; };
/* End PBXFileReference section */

/* Begin PBXFrameworksBuildPhase section */
		5AA4381A21487C1800823353 /* Frameworks */ = {
			isa = PBXFrameworksBuildPhase;
			buildActionMask = 2147483647;
			files = (
			);
			runOnlyForDeploymentPostprocessing = 0;
		};
/* End PBXFrameworksBuildPhase section */

/* Begin PBXGroup section */
		5AA4381421487C1800823353 = {
			isa = PBXGroup;
			children = (
				5AA4381F21487C1800823353 /* Bon */,
				5AA4381E21487C1800823353 /* Products */,
			);
			sourceTree = "<group>";
		};
		5AA4381E21487C1800823353 /* Products */ = {
			isa = PBXGroup;
			children = (
				5AA4381D21487C1800823353 /* Bon.app */,
			);
			name = Products;
			sourceTree = "<group>";
		};
		5AA4381F21487C1800823353 /* Bon */ = {
			isa = PBXGroup;
			children = (
				5AA4383C2149C51500823353 /* Protocols */,
				5AA4383B2149C4DD00823353 /* Resources */,
				5AA438392149C4B000823353 /* Controller */,
				5AA438382149C4AA00823353 /* View */,
				5AA438352149C49400823353 /* Model */,
				5AA4383A2149C4C300823353 /* Supporting files */,
				5AE33965215935CF000DED63 /* Entities */,
				5A0CFF1A215C649000F5B246 /* Data */,
			);
			path = Bon;
			sourceTree = "<group>";
		};
		5AA438352149C49400823353 /* Model */ = {
			isa = PBXGroup;
			children = (
			);
			name = Model;
			sourceTree = "<group>";
		};
		5AA438382149C4AA00823353 /* View */ = {
			isa = PBXGroup;
			children = (
				5AA4382421487C1800823353 /* Main.storyboard */,
			);
			name = View;
			sourceTree = "<group>";
		};
		5AA438392149C4B000823353 /* Controller */ = {
			isa = PBXGroup;
			children = (
				5A6501AA2149C91F001ACEE8 /* MainVC.swift */,
				5A6501AC2149CA72001ACEE8 /* MainVCCell.swift */,
				5AA4383F2149C5BB00823353 /* SubCategoriesVC.swift */,
				5AA438412149C60A00823353 /* DetailVC.swift */,
			);
			name = Controller;
			sourceTree = "<group>";
		};
		5AA4383A2149C4C300823353 /* Supporting files */ = {
			isa = PBXGroup;
			children = (
				5AA4382C21487C1800823353 /* LaunchScreen.storyboard */,
				5AA4382021487C1800823353 /* AppDelegate.swift */,
				5AA4382F21487C1800823353 /* Info.plist */,
			);
			name = "Supporting files";
			sourceTree = "<group>";
		};
		5AA4383B2149C4DD00823353 /* Resources */ = {
			isa = PBXGroup;
			children = (
				5AA4382A21487C1800823353 /* Assets.xcassets */,
			);
			name = Resources;
			sourceTree = "<group>";
		};
		5AA4383C2149C51500823353 /* Protocols */ = {
			isa = PBXGroup;
			children = (
			);
			name = Protocols;
			sourceTree = "<group>";
		};
		5AE33965215935CF000DED63 /* Entities */ = {
			isa = PBXGroup;
			children = (
			);
			name = Entities;
			sourceTree = "<group>";
		};
/* End PBXGroup section */

/* Begin PBXNativeTarget section */
		5AA4381C21487C1800823353 /* Bon */ = {
			isa = PBXNativeTarget;
			buildConfigurationList = 5AA4383221487C1800823353 /* Build configuration list for PBXNativeTarget "Bon" */;
			buildPhases = (
				5AA4381921487C1800823353 /* Sources */,
				5AA4381A21487C1800823353 /* Frameworks */,
				5AA4381B21487C1800823353 /* Resources */,
			);
			buildRules = (
			);
			dependencies = (
			);
			name = Bon;
			productName = Bon;
			productReference = 5AA4381D21487C1800823353 /* Bon.app */;
			productType = "com.apple.product-type.application";
		};
/* End PBXNativeTarget section */

/* Begin PBXProject section */
		5AA4381521487C1800823353 /* Project object */ = {
			isa = PBXProject;
			attributes = {
				LastSwiftUpdateCheck = 0920;
				LastUpgradeCheck = 1000;
				ORGANIZATIONNAME = "ARBI BASHAEV";
				TargetAttributes = {
					5AA4381C21487C1800823353 = {
						CreatedOnToolsVersion = 9.2;
						LastSwiftMigration = 1000;
						ProvisioningStyle = Automatic;
					};
				};
			};
			buildConfigurationList = 5AA4381821487C1800823353 /* Build configuration list for PBXProject "Bon" */;
			compatibilityVersion = "Xcode 8.0";
			developmentRegion = en;
			hasScannedForEncodings = 0;
			knownRegions = (
				en,
				Base,
			);
			mainGroup = 5AA4381421487C1800823353;
			productRefGroup = 5AA4381E21487C1800823353 /* Products */;
			projectDirPath = "";
			projectRoot = "";
			targets = (
				5AA4381C21487C1800823353 /* Bon */,
			);
		};
/* End PBXProject section */

/* Begin PBXResourcesBuildPhase section */
		5AA4381B21487C1800823353 /* Resources */ = {
			isa = PBXResourcesBuildPhase;
			buildActionMask = 2147483647;
			files = (
				5AA4382E21487C1800823353 /* LaunchScreen.storyboard in Resources */,
				5AA4382B21487C1800823353 /* Assets.xcassets in Resources */,
				5A0CFF1B215C649000F5B246 /* Data in Resources */,
				5AA4382621487C1800823353 /* Main.storyboard in Resources */,
			);
			runOnlyForDeploymentPostprocessing = 0;
		};
/* End PBXResourcesBuildPhase section */

/* Begin PBXSourcesBuildPhase section */
		5AA4381921487C1800823353 /* Sources */ = {
			isa = PBXSourcesBuildPhase;
			buildActionMask = 2147483647;
			files = (
				5AA438422149C60A00823353 /* DetailVC.swift in Sources */,
				5A6501AB2149C91F001ACEE8 /* MainVC.swift in Sources */,
				5AA438402149C5BB00823353 /* SubCategoriesVC.swift in Sources */,
				5A6501AD2149CA72001ACEE8 /* MainVCCell.swift in Sources */,
				5AA4382121487C1800823353 /* AppDelegate.swift in Sources */,
			);
			runOnlyForDeploymentPostprocessing = 0;
		};
/* End PBXSourcesBuildPhase section */

/* Begin PBXVariantGroup section */
		5AA4382421487C1800823353 /* Main.storyboard */ = {
			isa = PBXVariantGroup;
			children = (
				5AA4382521487C1800823353 /* Base */,
			);
			name = Main.storyboard;
			sourceTree = "<group>";
		};
		5AA4382C21487C1800823353 /* LaunchScreen.storyboard */ = {
			isa = PBXVariantGroup;
			children = (
				5AA4382D21487C1800823353 /* Base */,
			);
			name = LaunchScreen.storyboard;
			sourceTree = "<group>";
		};
/* End PBXVariantGroup section */

/* Begin XCBuildConfiguration section */
		5AA4383021487C1800823353 /* Debug */ = {
			isa = XCBuildConfiguration;
			buildSettings = {
				ALWAYS_SEARCH_USER_PATHS = NO;
				CLANG_ANALYZER_NONNULL = YES;
				CLANG_ANALYZER_NUMBER_OBJECT_CONVERSION = YES_AGGRESSIVE;
				CLANG_CXX_LANGUAGE_STANDARD = "gnu++14";
				CLANG_CXX_LIBRARY = "libc++";
				CLANG_ENABLE_MODULES = YES;
				CLANG_ENABLE_OBJC_ARC = YES;
				CLANG_WARN_BLOCK_CAPTURE_AUTORELEASING = YES;
				CLANG_WARN_BOOL_CONVERSION = YES;
				CLANG_WARN_COMMA = YES;
				CLANG_WARN_CONSTANT_CONVERSION = YES;
				CLANG_WARN_DEPRECATED_OBJC_IMPLEMENTATIONS = YES;
				CLANG_WARN_DIRECT_OBJC_ISA_USAGE = YES_ERROR;
				CLANG_WARN_DOCUMENTATION_COMMENTS = YES;
				CLANG_WARN_EMPTY_BODY = YES;
				CLANG_WARN_ENUM_CONVERSION = YES;
				CLANG_WARN_INFINITE_RECURSION = YES;
				CLANG_WARN_INT_CONVERSION = YES;
				CLANG_WARN_NON_LITERAL_NULL_CONVERSION = YES;
				CLANG_WARN_OBJC_IMPLICIT_RETAIN_SELF = YES;
				CLANG_WARN_OBJC_LITERAL_CONVERSION = YES;
				CLANG_WARN_OBJC_ROOT_CLASS = YES_ERROR;
				CLANG_WARN_RANGE_LOOP_ANALYSIS = YES;
				CLANG_WARN_STRICT_PROTOTYPES = YES;
				CLANG_WARN_SUSPICIOUS_MOVE = YES;
				CLANG_WARN_UNGUARDED_AVAILABILITY = YES_AGGRESSIVE;
				CLANG_WARN_UNREACHABLE_CODE = YES;
				CLANG_WARN__DUPLICATE_METHOD_MATCH = YES;
				CODE_SIGN_IDENTITY = "iPhone Developer";
				COPY_PHASE_STRIP = NO;
				DEBUG_INFORMATION_FORMAT = dwarf;
				ENABLE_STRICT_OBJC_MSGSEND = YES;
				ENABLE_TESTABILITY = YES;
				GCC_C_LANGUAGE_STANDARD = gnu11;
				GCC_DYNAMIC_NO_PIC = NO;
				GCC_NO_COMMON_BLOCKS = YES;
				GCC_OPTIMIZATION_LEVEL = 0;
				GCC_PREPROCESSOR_DEFINITIONS = (
					"DEBUG=1",
					"$(inherited)",
				);
				GCC_WARN_64_TO_32_BIT_CONVERSION = YES;
				GCC_WARN_ABOUT_RETURN_TYPE = YES_ERROR;
				GCC_WARN_UNDECLARED_SELECTOR = YES;
				GCC_WARN_UNINITIALIZED_AUTOS = YES_AGGRESSIVE;
				GCC_WARN_UNUSED_FUNCTION = YES;
				GCC_WARN_UNUSED_VARIABLE = YES;
				IPHONEOS_DEPLOYMENT_TARGET = 11.2;
				MTL_ENABLE_DEBUG_INFO = YES;
				ONLY_ACTIVE_ARCH = YES;
				SDKROOT = iphoneos;
				SWIFT_ACTIVE_COMPILATION_CONDITIONS = DEBUG;
				SWIFT_OPTIMIZATION_LEVEL = "-Onone";
			};
			name = Debug;
		};
		5AA4383121487C1800823353 /* Release */ = {
			isa = XCBuildConfiguration;
			buildSettings = {
				ALWAYS_SEARCH_USER_PATHS = NO;
				CLANG_ANALYZER_NONNULL = YES;
				CLANG_ANALYZER_NUMBER_OBJECT_CONVERSION = YES_AGGRESSIVE;
				CLANG_CXX_LANGUAGE_STANDARD = "gnu++14";
				CLANG_CXX_LIBRARY = "libc++";
				CLANG_ENABLE_MODULES = YES;
				CLANG_ENABLE_OBJC_ARC = YES;
				CLANG_WARN_BLOCK_CAPTURE_AUTORELEASING = YES;
				CLANG_WARN_BOOL_CONVERSION = YES;
				CLANG_WARN_COMMA = YES;
				CLANG_WARN_CONSTANT_CONVERSION = YES;
				CLANG_WARN_DEPRECATED_OBJC_IMPLEMENTATIONS = YES;
				CLANG_WARN_DIRECT_OBJC_ISA_USAGE = YES_ERROR;
				CLANG_WARN_DOCUMENTATION_COMMENTS = YES;
				CLANG_WARN_EMPTY_BODY = YES;
				CLANG_WARN_ENUM_CONVERSION = YES;
				CLANG_WARN_INFINITE_RECURSION = YES;
				CLANG_WARN_INT_CONVERSION = YES;
				CLANG_WARN_NON_LITERAL_NULL_CONVERSION = YES;
				CLANG_WARN_OBJC_IMPLICIT_RETAIN_SELF = YES;
				CLANG_WARN_OBJC_LITERAL_CONVERSION = YES;
				CLANG_WARN_OBJC_ROOT_CLASS = YES_ERROR;
				CLANG_WARN_RANGE_LOOP_ANALYSIS = YES;
				CLANG_WARN_STRICT_PROTOTYPES = YES;
				CLANG_WARN_SUSPICIOUS_MOVE = YES;
				CLANG_WARN_UNGUARDED_AVAILABILITY = YES_AGGRESSIVE;
				CLANG_WARN_UNREACHABLE_CODE = YES;
				CLANG_WARN__DUPLICATE_METHOD_MATCH = YES;
				CODE_SIGN_IDENTITY = "iPhone Developer";
				COPY_PHASE_STRIP = NO;
				DEBUG_INFORMATION_FORMAT = "dwarf-with-dsym";
				ENABLE_NS_ASSERTIONS = NO;
				ENABLE_STRICT_OBJC_MSGSEND = YES;
				GCC_C_LANGUAGE_STANDARD = gnu11;
				GCC_NO_COMMON_BLOCKS = YES;
				GCC_WARN_64_TO_32_BIT_CONVERSION = YES;
				GCC_WARN_ABOUT_RETURN_TYPE = YES_ERROR;
				GCC_WARN_UNDECLARED_SELECTOR = YES;
				GCC_WARN_UNINITIALIZED_AUTOS = YES_AGGRESSIVE;
				GCC_WARN_UNUSED_FUNCTION = YES;
				GCC_WARN_UNUSED_VARIABLE = YES;
				IPHONEOS_DEPLOYMENT_TARGET = 11.2;
				MTL_ENABLE_DEBUG_INFO = NO;
				SDKROOT = iphoneos;
				SWIFT_OPTIMIZATION_LEVEL = "-Owholemodule";
				VALIDATE_PRODUCT = YES;
			};
			name = Release;
		};
		5AA4383321487C1800823353 /* Debug */ = {
			isa = XCBuildConfiguration;
			buildSettings = {
				ASSETCATALOG_COMPILER_APPICON_NAME = AppIcon;
				CODE_SIGN_STYLE = Automatic;
				DEVELOPMENT_TEAM = 6355K3CJ5C;
				INFOPLIST_FILE = Bon/Info.plist;
				LD_RUNPATH_SEARCH_PATHS = "$(inherited) @executable_path/Frameworks";
				PRODUCT_BUNDLE_IDENTIFIER = com.arbios.Bon;
				PRODUCT_NAME = "$(TARGET_NAME)";
				SWIFT_VERSION = 4.2;
				TARGETED_DEVICE_FAMILY = "1,2";
			};
			name = Debug;
		};
		5AA4383421487C1800823353 /* Release */ = {
			isa = XCBuildConfiguration;
			buildSettings = {
				ASSETCATALOG_COMPILER_APPICON_NAME = AppIcon;
				CODE_SIGN_STYLE = Automatic;
				DEVELOPMENT_TEAM = 6355K3CJ5C;
				INFOPLIST_FILE = Bon/Info.plist;
				LD_RUNPATH_SEARCH_PATHS = "$(inherited) @executable_path/Frameworks";
				PRODUCT_BUNDLE_IDENTIFIER = com.arbios.Bon;
				PRODUCT_NAME = "$(TARGET_NAME)";
				SWIFT_VERSION = 4.2;
				TARGETED_DEVICE_FAMILY = "1,2";
			};
			name = Release;
		};
/* End XCBuildConfiguration section */

/* Begin XCConfigurationList section */
		5AA4381821487C1800823353 /* Build configuration list for PBXProject "Bon" */ = {
			isa = XCConfigurationList;
			buildConfigurations = (
				5AA4383021487C1800823353 /* Debug */,
				5AA4383121487C1800823353 /* Release */,
			);
			defaultConfigurationIsVisible = 0;
			defaultConfigurationName = Release;
		};
		5AA4383221487C1800823353 /* Build configuration list for PBXNativeTarget "Bon" */ = {
			isa = XCConfigurationList;
			buildConfigurations = (
				5AA4383321487C1800823353 /* Debug */,
				5AA4383421487C1800823353 /* Release */,
			);
			defaultConfigurationIsVisible = 0;
			defaultConfigurationName = Release;
		};
/* End XCConfigurationList section */
	};
	rootObject = 5AA4381521487C1800823353 /* Project object */;
}
